// !$*UTF8*$!
{
	archiveVersion = 1;
	classes = {
	};
	objectVersion = 55;
	objects = {

/* Begin PBXBuildFile section */
		7F7130D92939966100CA9412 /* SudokuAppApp.swift in Sources */ = {isa = PBXBuildFile; fileRef = 7F7130D82939966100CA9412 /* SudokuAppApp.swift */; };
		7F7130DB2939966100CA9412 /* ContentView.swift in Sources */ = {isa = PBXBuildFile; fileRef = 7F7130DA2939966100CA9412 /* ContentView.swift */; };
		7F7130DD2939966200CA9412 /* Assets.xcassets in Resources */ = {isa = PBXBuildFile; fileRef = 7F7130DC2939966200CA9412 /* Assets.xcassets */; };
		7F7130E02939966200CA9412 /* Preview Assets.xcassets in Resources */ = {isa = PBXBuildFile; fileRef = 7F7130DF2939966200CA9412 /* Preview Assets.xcassets */; };
		7F7130EA2939966200CA9412 /* SudokuAppTests.swift in Sources */ = {isa = PBXBuildFile; fileRef = 7F7130E92939966200CA9412 /* SudokuAppTests.swift */; };
		7F7130F42939966200CA9412 /* SudokuAppUITests.swift in Sources */ = {isa = PBXBuildFile; fileRef = 7F7130F32939966200CA9412 /* SudokuAppUITests.swift */; };
		7F7130F62939966200CA9412 /* SudokuAppUITestsLaunchTests.swift in Sources */ = {isa = PBXBuildFile; fileRef = 7F7130F52939966200CA9412 /* SudokuAppUITestsLaunchTests.swift */; };
		7F713103293996E800CA9412 /* OneSquareView.swift in Sources */ = {isa = PBXBuildFile; fileRef = 7F713102293996E800CA9412 /* OneSquareView.swift */; };
/* End PBXBuildFile section */

/* Begin PBXContainerItemProxy section */
		7F7130E62939966200CA9412 /* PBXContainerItemProxy */ = {
			isa = PBXContainerItemProxy;
			containerPortal = 7F7130CD2939966100CA9412 /* Project object */;
			proxyType = 1;
			remoteGlobalIDString = 7F7130D42939966100CA9412;
			remoteInfo = SudokuApp;
		};
		7F7130F02939966200CA9412 /* PBXContainerItemProxy */ = {
			isa = PBXContainerItemProxy;
			containerPortal = 7F7130CD2939966100CA9412 /* Project object */;
			proxyType = 1;
			remoteGlobalIDString = 7F7130D42939966100CA9412;
			remoteInfo = SudokuApp;
		};
/* End PBXContainerItemProxy section */

/* Begin PBXFileReference section */
		7F7130D52939966100CA9412 /* SudokuApp.app */ = {isa = PBXFileReference; explicitFileType = wrapper.application; includeInIndex = 0; path = SudokuApp.app; sourceTree = BUILT_PRODUCTS_DIR; };
		7F7130D82939966100CA9412 /* SudokuAppApp.swift */ = {isa = PBXFileReference; lastKnownFileType = sourcecode.swift; path = SudokuAppApp.swift; sourceTree = "<group>"; };
		7F7130DA2939966100CA9412 /* ContentView.swift */ = {isa = PBXFileReference; lastKnownFileType = sourcecode.swift; path = ContentView.swift; sourceTree = "<group>"; };
		7F7130DC2939966200CA9412 /* Assets.xcassets */ = {isa = PBXFileReference; lastKnownFileType = folder.assetcatalog; path = Assets.xcassets; sourceTree = "<group>"; };
		7F7130DF2939966200CA9412 /* Preview Assets.xcassets */ = {isa = PBXFileReference; lastKnownFileType = folder.assetcatalog; path = "Preview Assets.xcassets"; sourceTree = "<group>"; };
		7F7130E52939966200CA9412 /* SudokuAppTests.xctest */ = {isa = PBXFileReference; explicitFileType = wrapper.cfbundle; includeInIndex = 0; path = SudokuAppTests.xctest; sourceTree = BUILT_PRODUCTS_DIR; };
		7F7130E92939966200CA9412 /* SudokuAppTests.swift */ = {isa = PBXFileReference; lastKnownFileType = sourcecode.swift; path = SudokuAppTests.swift; sourceTree = "<group>"; };
		7F7130EF2939966200CA9412 /* SudokuAppUITests.xctest */ = {isa = PBXFileReference; explicitFileType = wrapper.cfbundle; includeInIndex = 0; path = SudokuAppUITests.xctest; sourceTree = BUILT_PRODUCTS_DIR; };
		7F7130F32939966200CA9412 /* SudokuAppUITests.swift */ = {isa = PBXFileReference; lastKnownFileType = sourcecode.swift; path = SudokuAppUITests.swift; sourceTree = "<group>"; };
		7F7130F52939966200CA9412 /* SudokuAppUITestsLaunchTests.swift */ = {isa = PBXFileReference; lastKnownFileType = sourcecode.swift; path = SudokuAppUITestsLaunchTests.swift; sourceTree = "<group>"; };
		7F713102293996E800CA9412 /* OneSquareView.swift */ = {isa = PBXFileReference; lastKnownFileType = sourcecode.swift; path = OneSquareView.swift; sourceTree = "<group>"; };
/* End PBXFileReference section */

/* Begin PBXFrameworksBuildPhase section */
		7F7130D22939966100CA9412 /* Frameworks */ = {
			isa = PBXFrameworksBuildPhase;
			buildActionMask = 2147483647;
			files = (
			);
			runOnlyForDeploymentPostprocessing = 0;
		};
		7F7130E22939966200CA9412 /* Frameworks */ = {
			isa = PBXFrameworksBuildPhase;
			buildActionMask = 2147483647;
			files = (
			);
			runOnlyForDeploymentPostprocessing = 0;
		};
		7F7130EC2939966200CA9412 /* Frameworks */ = {
			isa = PBXFrameworksBuildPhase;
			buildActionMask = 2147483647;
			files = (
			);
			runOnlyForDeploymentPostprocessing = 0;
		};
/* End PBXFrameworksBuildPhase section */

/* Begin PBXGroup section */
		7F7130CC2939966100CA9412 = {
			isa = PBXGroup;
			children = (
				7F7130D72939966100CA9412 /* SudokuApp */,
				7F7130E82939966200CA9412 /* SudokuAppTests */,
				7F7130F22939966200CA9412 /* SudokuAppUITests */,
				7F7130D62939966100CA9412 /* Products */,
			);
			sourceTree = "<group>";
		};
		7F7130D62939966100CA9412 /* Products */ = {
			isa = PBXGroup;
			children = (
				7F7130D52939966100CA9412 /* SudokuApp.app */,
				7F7130E52939966200CA9412 /* SudokuAppTests.xctest */,
				7F7130EF2939966200CA9412 /* SudokuAppUITests.xctest */,
			);
			name = Products;
			sourceTree = "<group>";
		};
		7F7130D72939966100CA9412 /* SudokuApp */ = {
			isa = PBXGroup;
			children = (
				7F7130D82939966100CA9412 /* SudokuAppApp.swift */,
				7F7130DA2939966100CA9412 /* ContentView.swift */,
				7F713102293996E800CA9412 /* OneSquareView.swift */,
				7F7130DC2939966200CA9412 /* Assets.xcassets */,
				7F7130DE2939966200CA9412 /* Preview Content */,
			);
			path = SudokuApp;
			sourceTree = "<group>";
		};
		7F7130DE2939966200CA9412 /* Preview Content */ = {
			isa = PBXGroup;
			children = (
				7F7130DF2939966200CA9412 /* Preview Assets.xcassets */,
			);
			path = "Preview Content";
			sourceTree = "<group>";
		};
		7F7130E82939966200CA9412 /* SudokuAppTests */ = {
			isa = PBXGroup;
			children = (
				7F7130E92939966200CA9412 /* SudokuAppTests.swift */,
			);
			path = SudokuAppTests;
			sourceTree = "<group>";
		};
		7F7130F22939966200CA9412 /* SudokuAppUITests */ = {
			isa = PBXGroup;
			children = (
				7F7130F32939966200CA9412 /* SudokuAppUITests.swift */,
				7F7130F52939966200CA9412 /* SudokuAppUITestsLaunchTests.swift */,
			);
			path = SudokuAppUITests;
			sourceTree = "<group>";
		};
/* End PBXGroup section */

/* Begin PBXNativeTarget section */
		7F7130D42939966100CA9412 /* SudokuApp */ = {
			isa = PBXNativeTarget;
			buildConfigurationList = 7F7130F92939966200CA9412 /* Build configuration list for PBXNativeTarget "SudokuApp" */;
			buildPhases = (
				7F7130D12939966100CA9412 /* Sources */,
				7F7130D22939966100CA9412 /* Frameworks */,
				7F7130D32939966100CA9412 /* Resources */,
			);
			buildRules = (
			);
			dependencies = (
			);
			name = SudokuApp;
			productName = SudokuApp;
			productReference = 7F7130D52939966100CA9412 /* SudokuApp.app */;
			productType = "com.apple.product-type.application";
		};
		7F7130E42939966200CA9412 /* SudokuAppTests */ = {
			isa = PBXNativeTarget;
			buildConfigurationList = 7F7130FC2939966200CA9412 /* Build configuration list for PBXNativeTarget "SudokuAppTests" */;
			buildPhases = (
				7F7130E12939966200CA9412 /* Sources */,
				7F7130E22939966200CA9412 /* Frameworks */,
				7F7130E32939966200CA9412 /* Resources */,
			);
			buildRules = (
			);
			dependencies = (
				7F7130E72939966200CA9412 /* PBXTargetDependency */,
			);
			name = SudokuAppTests;
			productName = SudokuAppTests;
			productReference = 7F7130E52939966200CA9412 /* SudokuAppTests.xctest */;
			productType = "com.apple.product-type.bundle.unit-test";
		};
		7F7130EE2939966200CA9412 /* SudokuAppUITests */ = {
			isa = PBXNativeTarget;
			buildConfigurationList = 7F7130FF2939966200CA9412 /* Build configuration list for PBXNativeTarget "SudokuAppUITests" */;
			buildPhases = (
				7F7130EB2939966200CA9412 /* Sources */,
				7F7130EC2939966200CA9412 /* Frameworks */,
				7F7130ED2939966200CA9412 /* Resources */,
			);
			buildRules = (
			);
			dependencies = (
				7F7130F12939966200CA9412 /* PBXTargetDependency */,
			);
			name = SudokuAppUITests;
			productName = SudokuAppUITests;
			productReference = 7F7130EF2939966200CA9412 /* SudokuAppUITests.xctest */;
			productType = "com.apple.product-type.bundle.ui-testing";
		};
/* End PBXNativeTarget section */

/* Begin PBXProject section */
		7F7130CD2939966100CA9412 /* Project object */ = {
			isa = PBXProject;
			attributes = {
				BuildIndependentTargetsInParallel = 1;
				LastSwiftUpdateCheck = 1320;
				LastUpgradeCheck = 1320;
				TargetAttributes = {
					7F7130D42939966100CA9412 = {
						CreatedOnToolsVersion = 13.2.1;
					};
					7F7130E42939966200CA9412 = {
						CreatedOnToolsVersion = 13.2.1;
						TestTargetID = 7F7130D42939966100CA9412;
					};
					7F7130EE2939966200CA9412 = {
						CreatedOnToolsVersion = 13.2.1;
						TestTargetID = 7F7130D42939966100CA9412;
					};
				};
			};
			buildConfigurationList = 7F7130D02939966100CA9412 /* Build configuration list for PBXProject "SudokuApp" */;
			compatibilityVersion = "Xcode 13.0";
			developmentRegion = en;
			hasScannedForEncodings = 0;
			knownRegions = (
				en,
				Base,
			);
			mainGroup = 7F7130CC2939966100CA9412;
			productRefGroup = 7F7130D62939966100CA9412 /* Products */;
			projectDirPath = "";
			projectRoot = "";
			targets = (
				7F7130D42939966100CA9412 /* SudokuApp */,
				7F7130E42939966200CA9412 /* SudokuAppTests */,
				7F7130EE2939966200CA9412 /* SudokuAppUITests */,
			);
		};
/* End PBXProject section */

/* Begin PBXResourcesBuildPhase section */
		7F7130D32939966100CA9412 /* Resources */ = {
			isa = PBXResourcesBuildPhase;
			buildActionMask = 2147483647;
			files = (
				7F7130E02939966200CA9412 /* Preview Assets.xcassets in Resources */,
				7F7130DD2939966200CA9412 /* Assets.xcassets in Resources */,
			);
			runOnlyForDeploymentPostprocessing = 0;
		};
		7F7130E32939966200CA9412 /* Resources */ = {
			isa = PBXResourcesBuildPhase;
			buildActionMask = 2147483647;
			files = (
			);
			runOnlyForDeploymentPostprocessing = 0;
		};
		7F7130ED2939966200CA9412 /* Resources */ = {
			isa = PBXResourcesBuildPhase;
			buildActionMask = 2147483647;
			files = (
			);
			runOnlyForDeploymentPostprocessing = 0;
		};
/* End PBXResourcesBuildPhase section */

/* Begin PBXSourcesBuildPhase section */
		7F7130D12939966100CA9412 /* Sources */ = {
			isa = PBXSourcesBuildPhase;
			buildActionMask = 2147483647;
			files = (
				7F7130DB2939966100CA9412 /* ContentView.swift in Sources */,
				7F7130D92939966100CA9412 /* SudokuAppApp.swift in Sources */,
				7F713103293996E800CA9412 /* OneSquareView.swift in Sources */,
			);
			runOnlyForDeploymentPostprocessing = 0;
		};
		7F7130E12939966200CA9412 /* Sources */ = {
			isa = PBXSourcesBuildPhase;
			buildActionMask = 2147483647;
			files = (
				7F7130EA2939966200CA9412 /* SudokuAppTests.swift in Sources */,
			);
			runOnlyForDeploymentPostprocessing = 0;
		};
		7F7130EB2939966200CA9412 /* Sources */ = {
			isa = PBXSourcesBuildPhase;
			buildActionMask = 2147483647;
			files = (
				7F7130F42939966200CA9412 /* SudokuAppUITests.swift in Sources */,
				7F7130F62939966200CA9412 /* SudokuAppUITestsLaunchTests.swift in Sources */,
			);
			runOnlyForDeploymentPostprocessing = 0;
		};
/* End PBXSourcesBuildPhase section */

/* Begin PBXTargetDependency section */
		7F7130E72939966200CA9412 /* PBXTargetDependency */ = {
			isa = PBXTargetDependency;
			target = 7F7130D42939966100CA9412 /* SudokuApp */;
			targetProxy = 7F7130E62939966200CA9412 /* PBXContainerItemProxy */;
		};
		7F7130F12939966200CA9412 /* PBXTargetDependency */ = {
			isa = PBXTargetDependency;
			target = 7F7130D42939966100CA9412 /* SudokuApp */;
			targetProxy = 7F7130F02939966200CA9412 /* PBXContainerItemProxy */;
		};
/* End PBXTargetDependency section */

/* Begin XCBuildConfiguration section */
		7F7130F72939966200CA9412 /* Debug */ = {
			isa = XCBuildConfiguration;
			buildSettings = {
				ALWAYS_SEARCH_USER_PATHS = NO;
				CLANG_ANALYZER_NONNULL = YES;
				CLANG_ANALYZER_NUMBER_OBJECT_CONVERSION = YES_AGGRESSIVE;
				CLANG_CXX_LANGUAGE_STANDARD = "gnu++17";
				CLANG_CXX_LIBRARY = "libc++";
				CLANG_ENABLE_MODULES = YES;
				CLANG_ENABLE_OBJC_ARC = YES;
				CLANG_ENABLE_OBJC_WEAK = YES;
				CLANG_WARN_BLOCK_CAPTURE_AUTORELEASING = YES;
				CLANG_WARN_BOOL_CONVERSION = YES;
				CLANG_WARN_COMMA = YES;
				CLANG_WARN_CONSTANT_CONVERSION = YES;
				CLANG_WARN_DEPRECATED_OBJC_IMPLEMENTATIONS = YES;
				CLANG_WARN_DIRECT_OBJC_ISA_USAGE = YES_ERROR;
				CLANG_WARN_DOCUMENTATION_COMMENTS = YES;
				CLANG_WARN_EMPTY_BODY = YES;
				CLANG_WARN_ENUM_CONVERSION = YES;
				CLANG_WARN_INFINITE_RECURSION = YES;
				CLANG_WARN_INT_CONVERSION = YES;
				CLANG_WARN_NON_LITERAL_NULL_CONVERSION = YES;
				CLANG_WARN_OBJC_IMPLICIT_RETAIN_SELF = YES;
				CLANG_WARN_OBJC_LITERAL_CONVERSION = YES;
				CLANG_WARN_OBJC_ROOT_CLASS = YES_ERROR;
				CLANG_WARN_QUOTED_INCLUDE_IN_FRAMEWORK_HEADER = YES;
				CLANG_WARN_RANGE_LOOP_ANALYSIS = YES;
				CLANG_WARN_STRICT_PROTOTYPES = YES;
				CLANG_WARN_SUSPICIOUS_MOVE = YES;
				CLANG_WARN_UNGUARDED_AVAILABILITY = YES_AGGRESSIVE;
				CLANG_WARN_UNREACHABLE_CODE = YES;
				CLANG_WARN__DUPLICATE_METHOD_MATCH = YES;
				COPY_PHASE_STRIP = NO;
				DEBUG_INFORMATION_FORMAT = dwarf;
				ENABLE_STRICT_OBJC_MSGSEND = YES;
				ENABLE_TESTABILITY = YES;
				GCC_C_LANGUAGE_STANDARD = gnu11;
				GCC_DYNAMIC_NO_PIC = NO;
				GCC_NO_COMMON_BLOCKS = YES;
				GCC_OPTIMIZATION_LEVEL = 0;
				GCC_PREPROCESSOR_DEFINITIONS = (
					"DEBUG=1",
					"$(inherited)",
				);
				GCC_WARN_64_TO_32_BIT_CONVERSION = YES;
				GCC_WARN_ABOUT_RETURN_TYPE = YES_ERROR;
				GCC_WARN_UNDECLARED_SELECTOR = YES;
				GCC_WARN_UNINITIALIZED_AUTOS = YES_AGGRESSIVE;
				GCC_WARN_UNUSED_FUNCTION = YES;
				GCC_WARN_UNUSED_VARIABLE = YES;
				IPHONEOS_DEPLOYMENT_TARGET = 15.2;
				MTL_ENABLE_DEBUG_INFO = INCLUDE_SOURCE;
				MTL_FAST_MATH = YES;
				ONLY_ACTIVE_ARCH = YES;
				SDKROOT = iphoneos;
				SWIFT_ACTIVE_COMPILATION_CONDITIONS = DEBUG;
				SWIFT_OPTIMIZATION_LEVEL = "-Onone";
			};
			name = Debug;
		};
		7F7130F82939966200CA9412 /* Release */ = {
			isa = XCBuildConfiguration;
			buildSettings = {
				ALWAYS_SEARCH_USER_PATHS = NO;
				CLANG_ANALYZER_NONNULL = YES;
				CLANG_ANALYZER_NUMBER_OBJECT_CONVERSION = YES_AGGRESSIVE;
				CLANG_CXX_LANGUAGE_STANDARD = "gnu++17";
				CLANG_CXX_LIBRARY = "libc++";
				CLANG_ENABLE_MODULES = YES;
				CLANG_ENABLE_OBJC_ARC = YES;
				CLANG_ENABLE_OBJC_WEAK = YES;
				CLANG_WARN_BLOCK_CAPTURE_AUTORELEASING = YES;
				CLANG_WARN_BOOL_CONVERSION = YES;
				CLANG_WARN_COMMA = YES;
				CLANG_WARN_CONSTANT_CONVERSION = YES;
				CLANG_WARN_DEPRECATED_OBJC_IMPLEMENTATIONS = YES;
				CLANG_WARN_DIRECT_OBJC_ISA_USAGE = YES_ERROR;
				CLANG_WARN_DOCUMENTATION_COMMENTS = YES;
				CLANG_WARN_EMPTY_BODY = YES;
				CLANG_WARN_ENUM_CONVERSION = YES;
				CLANG_WARN_INFINITE_RECURSION = YES;
				CLANG_WARN_INT_CONVERSION = YES;
				CLANG_WARN_NON_LITERAL_NULL_CONVERSION = YES;
				CLANG_WARN_OBJC_IMPLICIT_RETAIN_SELF = YES;
				CLANG_WARN_OBJC_LITERAL_CONVERSION = YES;
				CLANG_WARN_OBJC_ROOT_CLASS = YES_ERROR;
				CLANG_WARN_QUOTED_INCLUDE_IN_FRAMEWORK_HEADER = YES;
				CLANG_WARN_RANGE_LOOP_ANALYSIS = YES;
				CLANG_WARN_STRICT_PROTOTYPES = YES;
				CLANG_WARN_SUSPICIOUS_MOVE = YES;
				CLANG_WARN_UNGUARDED_AVAILABILITY = YES_AGGRESSIVE;
				CLANG_WARN_UNREACHABLE_CODE = YES;
				CLANG_WARN__DUPLICATE_METHOD_MATCH = YES;
				COPY_PHASE_STRIP = NO;
				DEBUG_INFORMATION_FORMAT = "dwarf-with-dsym";
				ENABLE_NS_ASSERTIONS = NO;
				ENABLE_STRICT_OBJC_MSGSEND = YES;
				GCC_C_LANGUAGE_STANDARD = gnu11;
				GCC_NO_COMMON_BLOCKS = YES;
				GCC_WARN_64_TO_32_BIT_CONVERSION = YES;
				GCC_WARN_ABOUT_RETURN_TYPE = YES_ERROR;
				GCC_WARN_UNDECLARED_SELECTOR = YES;
				GCC_WARN_UNINITIALIZED_AUTOS = YES_AGGRESSIVE;
				GCC_WARN_UNUSED_FUNCTION = YES;
				GCC_WARN_UNUSED_VARIABLE = YES;
				IPHONEOS_DEPLOYMENT_TARGET = 15.2;
				MTL_ENABLE_DEBUG_INFO = NO;
				MTL_FAST_MATH = YES;
				SDKROOT = iphoneos;
				SWIFT_COMPILATION_MODE = wholemodule;
				SWIFT_OPTIMIZATION_LEVEL = "-O";
				VALIDATE_PRODUCT = YES;
			};
			name = Release;
		};
		7F7130FA2939966200CA9412 /* Debug */ = {
			isa = XCBuildConfiguration;
			buildSettings = {
				ASSETCATALOG_COMPILER_APPICON_NAME = AppIcon;
				ASSETCATALOG_COMPILER_GLOBAL_ACCENT_COLOR_NAME = AccentColor;
				CODE_SIGN_STYLE = Automatic;
				CURRENT_PROJECT_VERSION = 1;
				DEVELOPMENT_ASSET_PATHS = "\"SudokuApp/Preview Content\"";
				ENABLE_PREVIEWS = YES;
				GENERATE_INFOPLIST_FILE = YES;
				INFOPLIST_KEY_UIApplicationSceneManifest_Generation = YES;
				INFOPLIST_KEY_UIApplicationSupportsIndirectInputEvents = YES;
				INFOPLIST_KEY_UILaunchScreen_Generation = YES;
				INFOPLIST_KEY_UISupportedInterfaceOrientations_iPad = "UIInterfaceOrientationPortrait UIInterfaceOrientationPortraitUpsideDown UIInterfaceOrientationLandscapeLeft UIInterfaceOrientationLandscapeRight";
				INFOPLIST_KEY_UISupportedInterfaceOrientations_iPhone = "UIInterfaceOrientationPortrait UIInterfaceOrientationLandscapeLeft UIInterfaceOrientationLandscapeRight";
				LD_RUNPATH_SEARCH_PATHS = (
					"$(inherited)",
					"@executable_path/Frameworks",
				);
				MARKETING_VERSION = 1.0;
				PRODUCT_BUNDLE_IDENTIFIER = jared.SudokuApp;
				PRODUCT_NAME = "$(TARGET_NAME)";
				SWIFT_EMIT_LOC_STRINGS = YES;
				SWIFT_VERSION = 5.0;
				TARGETED_DEVICE_FAMILY = "1,2";
			};
			name = Debug;
		};
		7F7130FB2939966200CA9412 /* Release */ = {
			isa = XCBuildConfiguration;
			buildSettings = {
				ASSETCATALOG_COMPILER_APPICON_NAME = AppIcon;
				ASSETCATALOG_COMPILER_GLOBAL_ACCENT_COLOR_NAME = AccentColor;
				CODE_SIGN_STYLE = Automatic;
				CURRENT_PROJECT_VERSION = 1;
				DEVELOPMENT_ASSET_PATHS = "\"SudokuApp/Preview Content\"";
				ENABLE_PREVIEWS = YES;
				GENERATE_INFOPLIST_FILE = YES;
				INFOPLIST_KEY_UIApplicationSceneManifest_Generation = YES;
				INFOPLIST_KEY_UIApplicationSupportsIndirectInputEvents = YES;
				INFOPLIST_KEY_UILaunchScreen_Generation = YES;
				INFOPLIST_KEY_UISupportedInterfaceOrientations_iPad = "UIInterfaceOrientationPortrait UIInterfaceOrientationPortraitUpsideDown UIInterfaceOrientationLandscapeLeft UIInterfaceOrientationLandscapeRight";
				INFOPLIST_KEY_UISupportedInterfaceOrientations_iPhone = "UIInterfaceOrientationPortrait UIInterfaceOrientationLandscapeLeft UIInterfaceOrientationLandscapeRight";
				LD_RUNPATH_SEARCH_PATHS = (
					"$(inherited)",
					"@executable_path/Frameworks",
				);
				MARKETING_VERSION = 1.0;
				PRODUCT_BUNDLE_IDENTIFIER = jared.SudokuApp;
				PRODUCT_NAME = "$(TARGET_NAME)";
				SWIFT_EMIT_LOC_STRINGS = YES;
				SWIFT_VERSION = 5.0;
				TARGETED_DEVICE_FAMILY = "1,2";
			};
			name = Release;
		};
		7F7130FD2939966200CA9412 /* Debug */ = {
			isa = XCBuildConfiguration;
			buildSettings = {
				ALWAYS_EMBED_SWIFT_STANDARD_LIBRARIES = YES;
				BUNDLE_LOADER = "$(TEST_HOST)";
				CODE_SIGN_STYLE = Automatic;
				CURRENT_PROJECT_VERSION = 1;
				GENERATE_INFOPLIST_FILE = YES;
				IPHONEOS_DEPLOYMENT_TARGET = 15.2;
				MARKETING_VERSION = 1.0;
				PRODUCT_BUNDLE_IDENTIFIER = jared.SudokuAppTests;
				PRODUCT_NAME = "$(TARGET_NAME)";
				SWIFT_EMIT_LOC_STRINGS = NO;
				SWIFT_VERSION = 5.0;
				TARGETED_DEVICE_FAMILY = "1,2";
				TEST_HOST = "$(BUILT_PRODUCTS_DIR)/SudokuApp.app/SudokuApp";
			};
			name = Debug;
		};
		7F7130FE2939966200CA9412 /* Release */ = {
			isa = XCBuildConfiguration;
			buildSettings = {
				ALWAYS_EMBED_SWIFT_STANDARD_LIBRARIES = YES;
				BUNDLE_LOADER = "$(TEST_HOST)";
				CODE_SIGN_STYLE = Automatic;
				CURRENT_PROJECT_VERSION = 1;
				GENERATE_INFOPLIST_FILE = YES;
				IPHONEOS_DEPLOYMENT_TARGET = 15.2;
				MARKETING_VERSION = 1.0;
				PRODUCT_BUNDLE_IDENTIFIER = jared.SudokuAppTests;
				PRODUCT_NAME = "$(TARGET_NAME)";
				SWIFT_EMIT_LOC_STRINGS = NO;
				SWIFT_VERSION = 5.0;
				TARGETED_DEVICE_FAMILY = "1,2";
				TEST_HOST = "$(BUILT_PRODUCTS_DIR)/SudokuApp.app/SudokuApp";
			};
			name = Release;
		};
		7F7131002939966200CA9412 /* Debug */ = {
			isa = XCBuildConfiguration;
			buildSettings = {
				ALWAYS_EMBED_SWIFT_STANDARD_LIBRARIES = YES;
				CODE_SIGN_STYLE = Automatic;
				CURRENT_PROJECT_VERSION = 1;
				GENERATE_INFOPLIST_FILE = YES;
				MARKETING_VERSION = 1.0;
				PRODUCT_BUNDLE_IDENTIFIER = jared.SudokuAppUITests;
				PRODUCT_NAME = "$(TARGET_NAME)";
				SWIFT_EMIT_LOC_STRINGS = NO;
				SWIFT_VERSION = 5.0;
				TARGETED_DEVICE_FAMILY = "1,2";
				TEST_TARGET_NAME = SudokuApp;
			};
			name = Debug;
		};
		7F7131012939966200CA9412 /* Release */ = {
			isa = XCBuildConfiguration;
			buildSettings = {
				ALWAYS_EMBED_SWIFT_STANDARD_LIBRARIES = YES;
				CODE_SIGN_STYLE = Automatic;
				CURRENT_PROJECT_VERSION = 1;
				GENERATE_INFOPLIST_FILE = YES;
				MARKETING_VERSION = 1.0;
				PRODUCT_BUNDLE_IDENTIFIER = jared.SudokuAppUITests;
				PRODUCT_NAME = "$(TARGET_NAME)";
				SWIFT_EMIT_LOC_STRINGS = NO;
				SWIFT_VERSION = 5.0;
				TARGETED_DEVICE_FAMILY = "1,2";
				TEST_TARGET_NAME = SudokuApp;
			};
			name = Release;
		};
/* End XCBuildConfiguration section */

/* Begin XCConfigurationList section */
		7F7130D02939966100CA9412 /* Build configuration list for PBXProject "SudokuApp" */ = {
			isa = XCConfigurationList;
			buildConfigurations = (
				7F7130F72939966200CA9412 /* Debug */,
				7F7130F82939966200CA9412 /* Release */,
			);
			defaultConfigurationIsVisible = 0;
			defaultConfigurationName = Release;
		};
		7F7130F92939966200CA9412 /* Build configuration list for PBXNativeTarget "SudokuApp" */ = {
			isa = XCConfigurationList;
			buildConfigurations = (
				7F7130FA2939966200CA9412 /* Debug */,
				7F7130FB2939966200CA9412 /* Release */,
			);
			defaultConfigurationIsVisible = 0;
			defaultConfigurationName = Release;
		};
		7F7130FC2939966200CA9412 /* Build configuration list for PBXNativeTarget "SudokuAppTests" */ = {
			isa = XCConfigurationList;
			buildConfigurations = (
				7F7130FD2939966200CA9412 /* Debug */,
				7F7130FE2939966200CA9412 /* Release */,
			);
			defaultConfigurationIsVisible = 0;
			defaultConfigurationName = Release;
		};
		7F7130FF2939966200CA9412 /* Build configuration list for PBXNativeTarget "SudokuAppUITests" */ = {
			isa = XCConfigurationList;
			buildConfigurations = (
				7F7131002939966200CA9412 /* Debug */,
				7F7131012939966200CA9412 /* Release */,
			);
			defaultConfigurationIsVisible = 0;
			defaultConfigurationName = Release;
		};
/* End XCConfigurationList section */
	};
	rootObject = 7F7130CD2939966100CA9412 /* Project object */;
}
